
Microsoft Visual Studio Solution File, Format Version 12.00
# Visual Studio 15
VisualStudioVersion = 15.0.28307.271
MinimumVisualStudioVersion = 10.0.40219.1
Project("{F184B08F-C81C-45F6-A57F-5ABD9991F28F}") = "GutenbergUWP", "GutenbergUWP\GutenbergUWP.vbproj", "{F0870610-A280-4164-A12D-55DC074F66D7}"
EndProject
Global
	GlobalSection(SolutionConfigurationPlatforms) = preSolution
		Debug|ARM = Debug|ARM
		Debug|ARM64 = Debug|ARM64
		Debug|x64 = Debug|x64
		Debug|x86 = Debug|x86
		Release|ARM = Release|ARM
		Release|ARM64 = Release|ARM64
		Release|x64 = Release|x64
		Release|x86 = Release|x86
	EndGlobalSection
	GlobalSection(ProjectConfigurationPlatforms) = postSolution
		{F0870610-A280-4164-A12D-55DC074F66D7}.Debug|ARM.ActiveCfg = Debug|ARM
		{F0870610-A280-4164-A12D-55DC074F66D7}.Debug|ARM.Build.0 = Debug|ARM
		{F0870610-A280-4164-A12D-55DC074F66D7}.Debug|ARM.Deploy.0 = Debug|ARM
		{F0870610-A280-4164-A12D-55DC074F66D7}.Debug|ARM64.ActiveCfg = Debug|ARM64
		{F0870610-A280-4164-A12D-55DC074F66D7}.Debug|ARM64.Build.0 = Debug|ARM64
		{F0870610-A280-4164-A12D-55DC074F66D7}.Debug|ARM64.Deploy.0 = Debug|ARM64
		{F0870610-A280-4164-A12D-55DC074F66D7}.Debug|x64.ActiveCfg = Debug|x64
		{F0870610-A280-4164-A12D-55DC074F66D7}.Debug|x64.Build.0 = Debug|x64
		{F0870610-A280-4164-A12D-55DC074F66D7}.Debug|x64.Deploy.0 = Debug|x64
		{F0870610-A280-4164-A12D-55DC074F66D7}.Debug|x86.ActiveCfg = Debug|x86
		{F0870610-A280-4164-A12D-55DC074F66D7}.Debug|x86.Build.0 = Debug|x86
		{F0870610-A280-4164-A12D-55DC074F66D7}.Debug|x86.Deploy.0 = Debug|x86
		{F0870610-A280-4164-A12D-55DC074F66D7}.Release|ARM.ActiveCfg = Release|ARM
		{F0870610-A280-4164-A12D-55DC074F66D7}.Release|ARM.Build.0 = Release|ARM
		{F0870610-A280-4164-A12D-55DC074F66D7}.Release|ARM.Deploy.0 = Release|ARM
		{F0870610-A280-4164-A12D-55DC074F66D7}.Release|ARM64.ActiveCfg = Release|ARM64
		{F0870610-A280-4164-A12D-55DC074F66D7}.Release|ARM64.Build.0 = Release|ARM64
		{F0870610-A280-4164-A12D-55DC074F66D7}.Release|ARM64.Deploy.0 = Release|ARM64
		{F0870610-A280-4164-A12D-55DC074F66D7}.Release|x64.ActiveCfg = Release|x64
		{F0870610-A280-4164-A12D-55DC074F66D7}.Release|x64.Build.0 = Release|x64
		{F0870610-A280-4164-A12D-55DC074F66D7}.Release|x64.Deploy.0 = Release|x64
		{F0870610-A280-4164-A12D-55DC074F66D7}.Release|x86.ActiveCfg = Release|x86
		{F0870610-A280-4164-A12D-55DC074F66D7}.Release|x86.Build.0 = Release|x86
		{F0870610-A280-4164-A12D-55DC074F66D7}.Release|x86.Deploy.0 = Release|x86
	EndGlobalSection
	GlobalSection(SolutionProperties) = preSolution
		HideSolutionNode = FALSE
	EndGlobalSection
	GlobalSection(ExtensibilityGlobals) = postSolution
		SolutionGuid = {4346B214-8C5D-413C-8548-BB65E665CCE5}
	EndGlobalSection
EndGlobal
